
Microsoft Visual Studio Solution File, Format Version 12.00
# Visual Studio Version 17
VisualStudioVersion = 17.5.33530.505
MinimumVisualStudioVersion = 10.0.40219.1
Project("{54A90642-561A-4BB1-A94E-469ADEE60C69}") = "gamestore.ui", "Gamestore.UI\gamestore.ui.esproj", "{493045DD-18D0-41F7-826E-791012424A75}"
EndProject
Project("{2150E333-8FDC-42A3-9474-1A3956D46DE8}") = "Serverless", "Serverless", "{5DAA0C75-CDEF-4F60-ACC3-A9EB1D5AA31A}"
	ProjectSection(SolutionItems) = preProject
		Serverless\README.md = Serverless\README.md
		Serverless\samconfig.toml = Serverless\samconfig.toml
		Serverless\template.yaml = Serverless\template.yaml
	EndProjectSection
EndProject
Project("{2150E333-8FDC-42A3-9474-1A3956D46DE8}") = "src", "src", "{2ABD38DC-456F-4B77-A2A0-143D1810E11D}"
EndProject
Project("{2150E333-8FDC-42A3-9474-1A3956D46DE8}") = "test", "test", "{2DAF3451-BE8A-410D-B7E5-A28F209BF28A}"
EndProject
Project("{2150E333-8FDC-42A3-9474-1A3956D46DE8}") = "DataAccessLayer", "DataAccessLayer", "{836462B3-CB7F-4D72-8FB4-E46EF41CFCA7}"
EndProject
Project("{9A19103F-16F7-4668-BE54-9A1E7A4F7556}") = "Gamestore.DataProvider.Steam", "Serverless\src\Gamestore.DataProvider.Steam\Gamestore.DataProvider.Steam.csproj", "{931DD6C8-AFBC-4919-A614-095A8584484B}"
EndProject
Project("{2150E333-8FDC-42A3-9474-1A3956D46DE8}") = "DataAccessLayer", "DataAccessLayer", "{1F74FEA3-3D3F-4AB7-A557-590BD6F6B11D}"
EndProject
Project("{9A19103F-16F7-4668-BE54-9A1E7A4F7556}") = "Gamestore.DataProvider.Steam.Tests", "Serverless\test\Gamestore.DataProvider.Steam.Tests\Gamestore.DataProvider.Steam.Tests.csproj", "{4D7380A8-C544-4CB8-A2AE-789E15E28621}"
EndProject
Project("{2150E333-8FDC-42A3-9474-1A3956D46DE8}") = "Solution Items", "Solution Items", "{59BFDA72-8350-47C3-A131-4E2C26D13336}"
EndProject
Project("{9A19103F-16F7-4668-BE54-9A1E7A4F7556}") = "Gamestore.DataProvider.Abstractions", "Serverless\src\Gamestore.DataProvider.Abstractions\Gamestore.DataProvider.Abstractions.csproj", "{157D9A9E-E27F-4201-993D-15C8742E2FC8}"
EndProject
Project("{2150E333-8FDC-42A3-9474-1A3956D46DE8}") = "BusinessLayer", "BusinessLayer", "{E2C0D625-EE42-4257-B434-AE719D311046}"
EndProject
Project("{2150E333-8FDC-42A3-9474-1A3956D46DE8}") = "PresentationLayer", "PresentationLayer", "{439EE685-620E-4AA6-9A3F-68D2AAA03B7E}"
EndProject
Project("{9A19103F-16F7-4668-BE54-9A1E7A4F7556}") = "Gamestore.Domain", "Serverless\src\Gamestore.Domain\Gamestore.Domain.csproj", "{03EEB9D0-2512-48CF-BF5E-1602B59D59B0}"
EndProject
Project("{9A19103F-16F7-4668-BE54-9A1E7A4F7556}") = "Gamestore.Serverless.HttpApi", "Serverless\src\Gamestore.Serverless.HttpApi\Gamestore.Serverless.HttpApi.csproj", "{16F6C79A-7157-4DD0-BAD8-D089170DAAE1}"
EndProject
Project("{9A19103F-16F7-4668-BE54-9A1E7A4F7556}") = "Gamestore.Serverless.HttpApi.Tests", "Serverless\test\Gamestore.Serverless.HttpApi.Tests\Gamestore.Serverless.HttpApi.Tests.csproj", "{F35F0057-82F7-4EA2-B345-7F9D5086BC88}"
EndProject
Project("{2150E333-8FDC-42A3-9474-1A3956D46DE8}") = "PresentationLayer", "PresentationLayer", "{9E3A883A-7013-4234-BA62-FE8D297AF084}"
EndProject
Project("{FAE04EC0-301F-11D3-BF4B-00C04F79EFBC}") = "Gamestore.SQS", "Serverless\src\Gamestore.SQS\Gamestore.SQS.csproj", "{2C7EEFE8-E426-4742-B7AE-558C0917E7A5}"
EndProject
Global
	GlobalSection(SolutionConfigurationPlatforms) = preSolution
		Debug|Any CPU = Debug|Any CPU
		Release|Any CPU = Release|Any CPU
	EndGlobalSection
	GlobalSection(ProjectConfigurationPlatforms) = postSolution
		{493045DD-18D0-41F7-826E-791012424A75}.Debug|Any CPU.ActiveCfg = Debug|Any CPU
		{493045DD-18D0-41F7-826E-791012424A75}.Debug|Any CPU.Build.0 = Debug|Any CPU
		{493045DD-18D0-41F7-826E-791012424A75}.Debug|Any CPU.Deploy.0 = Debug|Any CPU
		{493045DD-18D0-41F7-826E-791012424A75}.Release|Any CPU.ActiveCfg = Release|Any CPU
		{493045DD-18D0-41F7-826E-791012424A75}.Release|Any CPU.Build.0 = Release|Any CPU
		{493045DD-18D0-41F7-826E-791012424A75}.Release|Any CPU.Deploy.0 = Release|Any CPU
		{931DD6C8-AFBC-4919-A614-095A8584484B}.Debug|Any CPU.ActiveCfg = Debug|Any CPU
		{931DD6C8-AFBC-4919-A614-095A8584484B}.Debug|Any CPU.Build.0 = Debug|Any CPU
		{931DD6C8-AFBC-4919-A614-095A8584484B}.Release|Any CPU.ActiveCfg = Release|Any CPU
		{931DD6C8-AFBC-4919-A614-095A8584484B}.Release|Any CPU.Build.0 = Release|Any CPU
		{4D7380A8-C544-4CB8-A2AE-789E15E28621}.Debug|Any CPU.ActiveCfg = Debug|Any CPU
		{4D7380A8-C544-4CB8-A2AE-789E15E28621}.Debug|Any CPU.Build.0 = Debug|Any CPU
		{4D7380A8-C544-4CB8-A2AE-789E15E28621}.Release|Any CPU.ActiveCfg = Release|Any CPU
		{4D7380A8-C544-4CB8-A2AE-789E15E28621}.Release|Any CPU.Build.0 = Release|Any CPU
		{157D9A9E-E27F-4201-993D-15C8742E2FC8}.Debug|Any CPU.ActiveCfg = Debug|Any CPU
		{157D9A9E-E27F-4201-993D-15C8742E2FC8}.Debug|Any CPU.Build.0 = Debug|Any CPU
		{157D9A9E-E27F-4201-993D-15C8742E2FC8}.Release|Any CPU.ActiveCfg = Release|Any CPU
		{157D9A9E-E27F-4201-993D-15C8742E2FC8}.Release|Any CPU.Build.0 = Release|Any CPU
		{03EEB9D0-2512-48CF-BF5E-1602B59D59B0}.Debug|Any CPU.ActiveCfg = Debug|Any CPU
		{03EEB9D0-2512-48CF-BF5E-1602B59D59B0}.Debug|Any CPU.Build.0 = Debug|Any CPU
		{03EEB9D0-2512-48CF-BF5E-1602B59D59B0}.Release|Any CPU.ActiveCfg = Release|Any CPU
		{03EEB9D0-2512-48CF-BF5E-1602B59D59B0}.Release|Any CPU.Build.0 = Release|Any CPU
		{16F6C79A-7157-4DD0-BAD8-D089170DAAE1}.Debug|Any CPU.ActiveCfg = Debug|Any CPU
		{16F6C79A-7157-4DD0-BAD8-D089170DAAE1}.Debug|Any CPU.Build.0 = Debug|Any CPU
		{16F6C79A-7157-4DD0-BAD8-D089170DAAE1}.Release|Any CPU.ActiveCfg = Release|Any CPU
		{16F6C79A-7157-4DD0-BAD8-D089170DAAE1}.Release|Any CPU.Build.0 = Release|Any CPU
		{F35F0057-82F7-4EA2-B345-7F9D5086BC88}.Debug|Any CPU.ActiveCfg = Debug|Any CPU
		{F35F0057-82F7-4EA2-B345-7F9D5086BC88}.Debug|Any CPU.Build.0 = Debug|Any CPU
		{F35F0057-82F7-4EA2-B345-7F9D5086BC88}.Release|Any CPU.ActiveCfg = Release|Any CPU
		{F35F0057-82F7-4EA2-B345-7F9D5086BC88}.Release|Any CPU.Build.0 = Release|Any CPU
		{2C7EEFE8-E426-4742-B7AE-558C0917E7A5}.Debug|Any CPU.ActiveCfg = Debug|Any CPU
		{2C7EEFE8-E426-4742-B7AE-558C0917E7A5}.Debug|Any CPU.Build.0 = Debug|Any CPU
		{2C7EEFE8-E426-4742-B7AE-558C0917E7A5}.Release|Any CPU.ActiveCfg = Release|Any CPU
		{2C7EEFE8-E426-4742-B7AE-558C0917E7A5}.Release|Any CPU.Build.0 = Release|Any CPU
	EndGlobalSection
	GlobalSection(SolutionProperties) = preSolution
		HideSolutionNode = FALSE
	EndGlobalSection
	GlobalSection(NestedProjects) = preSolution
		{2ABD38DC-456F-4B77-A2A0-143D1810E11D} = {5DAA0C75-CDEF-4F60-ACC3-A9EB1D5AA31A}
		{2DAF3451-BE8A-410D-B7E5-A28F209BF28A} = {5DAA0C75-CDEF-4F60-ACC3-A9EB1D5AA31A}
		{836462B3-CB7F-4D72-8FB4-E46EF41CFCA7} = {2ABD38DC-456F-4B77-A2A0-143D1810E11D}
		{931DD6C8-AFBC-4919-A614-095A8584484B} = {836462B3-CB7F-4D72-8FB4-E46EF41CFCA7}
		{1F74FEA3-3D3F-4AB7-A557-590BD6F6B11D} = {2DAF3451-BE8A-410D-B7E5-A28F209BF28A}
		{4D7380A8-C544-4CB8-A2AE-789E15E28621} = {1F74FEA3-3D3F-4AB7-A557-590BD6F6B11D}
		{157D9A9E-E27F-4201-993D-15C8742E2FC8} = {836462B3-CB7F-4D72-8FB4-E46EF41CFCA7}
		{E2C0D625-EE42-4257-B434-AE719D311046} = {2ABD38DC-456F-4B77-A2A0-143D1810E11D}
		{439EE685-620E-4AA6-9A3F-68D2AAA03B7E} = {2ABD38DC-456F-4B77-A2A0-143D1810E11D}
		{03EEB9D0-2512-48CF-BF5E-1602B59D59B0} = {E2C0D625-EE42-4257-B434-AE719D311046}
		{16F6C79A-7157-4DD0-BAD8-D089170DAAE1} = {439EE685-620E-4AA6-9A3F-68D2AAA03B7E}
		{F35F0057-82F7-4EA2-B345-7F9D5086BC88} = {9E3A883A-7013-4234-BA62-FE8D297AF084}
		{9E3A883A-7013-4234-BA62-FE8D297AF084} = {2DAF3451-BE8A-410D-B7E5-A28F209BF28A}
		{2C7EEFE8-E426-4742-B7AE-558C0917E7A5} = {E2C0D625-EE42-4257-B434-AE719D311046}
	EndGlobalSection
	GlobalSection(ExtensibilityGlobals) = postSolution
		SolutionGuid = {5AF33712-8BA7-431C-9222-0FA08A7E76FC}
	EndGlobalSection
EndGlobal
