
Microsoft Visual Studio Solution File, Format Version 12.00
# Visual Studio Version 17
VisualStudioVersion = 17.5.33530.505
MinimumVisualStudioVersion = 10.0.40219.1
Project("{54A90642-561A-4BB1-A94E-469ADEE60C69}") = "gamestore.ui", "Gamestore.UI\gamestore.ui.esproj", "{493045DD-18D0-41F7-826E-791012424A75}"
EndProject
Project("{2150E333-8FDC-42A3-9474-1A3956D46DE8}") = "Microservices", "Microservices", "{68AE4E90-CF78-4015-A070-3256E514C36C}"
EndProject
Project("{2150E333-8FDC-42A3-9474-1A3956D46DE8}") = "Serverless", "Serverless", "{5DAA0C75-CDEF-4F60-ACC3-A9EB1D5AA31A}"
EndProject
Project("{2150E333-8FDC-42A3-9474-1A3956D46DE8}") = "src", "src", "{2ABD38DC-456F-4B77-A2A0-143D1810E11D}"
EndProject
Project("{9A19103F-16F7-4668-BE54-9A1E7A4F7556}") = "Gamestore.Serverless.GetNews", "Serverless\src\Gamestore.Serverless.GetNews\Gamestore.Serverless.GetNews.csproj", "{83F3A16C-7D03-46B7-B497-B5C9FF441957}"
EndProject
Project("{2150E333-8FDC-42A3-9474-1A3956D46DE8}") = "test", "test", "{2DAF3451-BE8A-410D-B7E5-A28F209BF28A}"
EndProject
Project("{9A19103F-16F7-4668-BE54-9A1E7A4F7556}") = "Gamestore.Serverless.GetNews.Tests", "Serverless\test\Gamestore.Serverless.GetNews.Tests\Gamestore.Serverless.GetNews.Tests.csproj", "{46C2F7F1-F8F2-47B9-A630-87B73B46BA28}"
EndProject
Project("{888888A0-9F3D-457C-B088-3A5042F75D52}") = "GamestoreLambdas", "Serverless\src\PythonApplication1\GamestoreLambdas.pyproj", "{F1B85831-3457-4841-9377-55CD6360D594}"
EndProject
Global
	GlobalSection(SolutionConfigurationPlatforms) = preSolution
		Debug|Any CPU = Debug|Any CPU
		Release|Any CPU = Release|Any CPU
	EndGlobalSection
	GlobalSection(ProjectConfigurationPlatforms) = postSolution
		{493045DD-18D0-41F7-826E-791012424A75}.Debug|Any CPU.ActiveCfg = Debug|Any CPU
		{493045DD-18D0-41F7-826E-791012424A75}.Debug|Any CPU.Build.0 = Debug|Any CPU
		{493045DD-18D0-41F7-826E-791012424A75}.Debug|Any CPU.Deploy.0 = Debug|Any CPU
		{493045DD-18D0-41F7-826E-791012424A75}.Release|Any CPU.ActiveCfg = Release|Any CPU
		{493045DD-18D0-41F7-826E-791012424A75}.Release|Any CPU.Build.0 = Release|Any CPU
		{493045DD-18D0-41F7-826E-791012424A75}.Release|Any CPU.Deploy.0 = Release|Any CPU
		{83F3A16C-7D03-46B7-B497-B5C9FF441957}.Debug|Any CPU.ActiveCfg = Debug|Any CPU
		{83F3A16C-7D03-46B7-B497-B5C9FF441957}.Debug|Any CPU.Build.0 = Debug|Any CPU
		{83F3A16C-7D03-46B7-B497-B5C9FF441957}.Release|Any CPU.ActiveCfg = Release|Any CPU
		{83F3A16C-7D03-46B7-B497-B5C9FF441957}.Release|Any CPU.Build.0 = Release|Any CPU
		{46C2F7F1-F8F2-47B9-A630-87B73B46BA28}.Debug|Any CPU.ActiveCfg = Debug|Any CPU
		{46C2F7F1-F8F2-47B9-A630-87B73B46BA28}.Debug|Any CPU.Build.0 = Debug|Any CPU
		{46C2F7F1-F8F2-47B9-A630-87B73B46BA28}.Release|Any CPU.ActiveCfg = Release|Any CPU
		{46C2F7F1-F8F2-47B9-A630-87B73B46BA28}.Release|Any CPU.Build.0 = Release|Any CPU
		{F1B85831-3457-4841-9377-55CD6360D594}.Debug|Any CPU.ActiveCfg = Debug|Any CPU
		{F1B85831-3457-4841-9377-55CD6360D594}.Release|Any CPU.ActiveCfg = Release|Any CPU
	EndGlobalSection
	GlobalSection(SolutionProperties) = preSolution
		HideSolutionNode = FALSE
	EndGlobalSection
	GlobalSection(NestedProjects) = preSolution
		{2ABD38DC-456F-4B77-A2A0-143D1810E11D} = {5DAA0C75-CDEF-4F60-ACC3-A9EB1D5AA31A}
		{83F3A16C-7D03-46B7-B497-B5C9FF441957} = {2ABD38DC-456F-4B77-A2A0-143D1810E11D}
		{2DAF3451-BE8A-410D-B7E5-A28F209BF28A} = {5DAA0C75-CDEF-4F60-ACC3-A9EB1D5AA31A}
		{46C2F7F1-F8F2-47B9-A630-87B73B46BA28} = {2DAF3451-BE8A-410D-B7E5-A28F209BF28A}
		{F1B85831-3457-4841-9377-55CD6360D594} = {2ABD38DC-456F-4B77-A2A0-143D1810E11D}
	EndGlobalSection
	GlobalSection(ExtensibilityGlobals) = postSolution
		SolutionGuid = {5AF33712-8BA7-431C-9222-0FA08A7E76FC}
	EndGlobalSection
EndGlobal
