
Microsoft Visual Studio Solution File, Format Version 12.00
# Visual Studio Version 17
VisualStudioVersion = 17.5.33530.505
MinimumVisualStudioVersion = 10.0.40219.1
Project("{54A90642-561A-4BB1-A94E-469ADEE60C69}") = "gamestore.ui", "Gamestore.UI\gamestore.ui.esproj", "{493045DD-18D0-41F7-826E-791012424A75}"
EndProject
Project("{2150E333-8FDC-42A3-9474-1A3956D46DE8}") = "Microservices", "Microservices", "{68AE4E90-CF78-4015-A070-3256E514C36C}"
EndProject
Project("{2150E333-8FDC-42A3-9474-1A3956D46DE8}") = "Lambdas", "Lambdas", "{A8E4A88E-0D44-4ABE-97A2-25C88C502E49}"
EndProject
Project("{888888A0-9F3D-457C-B088-3A5042F75D52}") = "GamestoreLambdas", "PythonApplication1\GamestoreLambdas.pyproj", "{F1B85831-3457-4841-9377-55CD6360D594}"
EndProject
Project("{2150E333-8FDC-42A3-9474-1A3956D46DE8}") = "GAMESTORE-GETNEWS", "GAMESTORE-GETNEWS", "{AED3B709-DD7D-4B69-BD5B-1478052B328C}"
EndProject
Global
	GlobalSection(SolutionConfigurationPlatforms) = preSolution
		Debug|Any CPU = Debug|Any CPU
		Release|Any CPU = Release|Any CPU
	EndGlobalSection
	GlobalSection(ProjectConfigurationPlatforms) = postSolution
		{493045DD-18D0-41F7-826E-791012424A75}.Debug|Any CPU.ActiveCfg = Debug|Any CPU
		{493045DD-18D0-41F7-826E-791012424A75}.Debug|Any CPU.Build.0 = Debug|Any CPU
		{493045DD-18D0-41F7-826E-791012424A75}.Debug|Any CPU.Deploy.0 = Debug|Any CPU
		{493045DD-18D0-41F7-826E-791012424A75}.Release|Any CPU.ActiveCfg = Release|Any CPU
		{493045DD-18D0-41F7-826E-791012424A75}.Release|Any CPU.Build.0 = Release|Any CPU
		{493045DD-18D0-41F7-826E-791012424A75}.Release|Any CPU.Deploy.0 = Release|Any CPU
		{F1B85831-3457-4841-9377-55CD6360D594}.Debug|Any CPU.ActiveCfg = Debug|Any CPU
		{F1B85831-3457-4841-9377-55CD6360D594}.Release|Any CPU.ActiveCfg = Release|Any CPU
	EndGlobalSection
	GlobalSection(SolutionProperties) = preSolution
		HideSolutionNode = FALSE
	EndGlobalSection
	GlobalSection(NestedProjects) = preSolution
		{AED3B709-DD7D-4B69-BD5B-1478052B328C} = {A8E4A88E-0D44-4ABE-97A2-25C88C502E49}
	EndGlobalSection
	GlobalSection(ExtensibilityGlobals) = postSolution
		SolutionGuid = {5AF33712-8BA7-431C-9222-0FA08A7E76FC}
	EndGlobalSection
EndGlobal
