
Microsoft Visual Studio Solution File, Format Version 12.00
# Visual Studio Version 17
VisualStudioVersion = 17.5.33530.505
MinimumVisualStudioVersion = 10.0.40219.1
Project("{54A90642-561A-4BB1-A94E-469ADEE60C69}") = "gamestore.ui", "gamestore.ui.esproj", "{493045DD-18D0-41F7-826E-791012424A75}"
EndProject
Global
	GlobalSection(SolutionConfigurationPlatforms) = preSolution
		Debug|Any CPU = Debug|Any CPU
		Release|Any CPU = Release|Any CPU
	EndGlobalSection
	GlobalSection(ProjectConfigurationPlatforms) = postSolution
		{493045DD-18D0-41F7-826E-791012424A75}.Debug|Any CPU.ActiveCfg = Debug|Any CPU
		{493045DD-18D0-41F7-826E-791012424A75}.Debug|Any CPU.Build.0 = Debug|Any CPU
		{493045DD-18D0-41F7-826E-791012424A75}.Debug|Any CPU.Deploy.0 = Debug|Any CPU
		{493045DD-18D0-41F7-826E-791012424A75}.Release|Any CPU.ActiveCfg = Release|Any CPU
		{493045DD-18D0-41F7-826E-791012424A75}.Release|Any CPU.Build.0 = Release|Any CPU
		{493045DD-18D0-41F7-826E-791012424A75}.Release|Any CPU.Deploy.0 = Release|Any CPU
	EndGlobalSection
	GlobalSection(SolutionProperties) = preSolution
		HideSolutionNode = FALSE
	EndGlobalSection
	GlobalSection(ExtensibilityGlobals) = postSolution
		SolutionGuid = {5AF33712-8BA7-431C-9222-0FA08A7E76FC}
	EndGlobalSection
EndGlobal
